// !$*UTF8*$!
{
	archiveVersion = 1;
	classes = {
	};
	objectVersion = 46;
	objects = {

/* Begin PBXBuildFile section */
		5BEBD41D198838F200809BBC /* AppDelegate.swift in Sources */ = {isa = PBXBuildFile; fileRef = 5BEBD41C198838F200809BBC /* AppDelegate.swift */; };
		5BEBD41F198838F200809BBC /* ViewController.swift in Sources */ = {isa = PBXBuildFile; fileRef = 5BEBD41E198838F200809BBC /* ViewController.swift */; };
		5BEBD422198838F200809BBC /* Main.storyboard in Resources */ = {isa = PBXBuildFile; fileRef = 5BEBD420198838F200809BBC /* Main.storyboard */; };
		5BEBD424198838F200809BBC /* Images.xcassets in Resources */ = {isa = PBXBuildFile; fileRef = 5BEBD423198838F200809BBC /* Images.xcassets */; };
		5BEBD430198838F200809BBC /* StackOverFlowClientPrt2Tests.swift in Sources */ = {isa = PBXBuildFile; fileRef = 5BEBD42F198838F200809BBC /* StackOverFlowClientPrt2Tests.swift */; };
		5BEBD43D1988397F00809BBC /* NetworkController.swift in Sources */ = {isa = PBXBuildFile; fileRef = 5BEBD43C1988397F00809BBC /* NetworkController.swift */; };
		5BEBD43E1988397F00809BBC /* NetworkController.swift in Sources */ = {isa = PBXBuildFile; fileRef = 5BEBD43C1988397F00809BBC /* NetworkController.swift */; };
		5BEBD44019884E7300809BBC /* User.swift in Sources */ = {isa = PBXBuildFile; fileRef = 5BEBD43F19884E7300809BBC /* User.swift */; };
		5BEBD44119884E7300809BBC /* User.swift in Sources */ = {isa = PBXBuildFile; fileRef = 5BEBD43F19884E7300809BBC /* User.swift */; };
		5BEBD44319884E8200809BBC /* Question.swift in Sources */ = {isa = PBXBuildFile; fileRef = 5BEBD44219884E8200809BBC /* Question.swift */; };
		5BEBD44419884E8200809BBC /* Question.swift in Sources */ = {isa = PBXBuildFile; fileRef = 5BEBD44219884E8200809BBC /* Question.swift */; };
		5BEBD44619884E9000809BBC /* Answer.swift in Sources */ = {isa = PBXBuildFile; fileRef = 5BEBD44519884E9000809BBC /* Answer.swift */; };
		5BEBD44719884E9000809BBC /* Answer.swift in Sources */ = {isa = PBXBuildFile; fileRef = 5BEBD44519884E9000809BBC /* Answer.swift */; };
/* End PBXBuildFile section */

/* Begin PBXContainerItemProxy section */
		5BEBD42A198838F200809BBC /* PBXContainerItemProxy */ = {
			isa = PBXContainerItemProxy;
			containerPortal = 5BEBD40F198838F200809BBC /* Project object */;
			proxyType = 1;
			remoteGlobalIDString = 5BEBD416198838F200809BBC;
			remoteInfo = StackOverFlowClientPrt2;
		};
/* End PBXContainerItemProxy section */

/* Begin PBXFileReference section */
		5BEBD417198838F200809BBC /* StackOverFlowClientPrt2.app */ = {isa = PBXFileReference; explicitFileType = wrapper.application; includeInIndex = 0; path = StackOverFlowClientPrt2.app; sourceTree = BUILT_PRODUCTS_DIR; };
		5BEBD41B198838F200809BBC /* Info.plist */ = {isa = PBXFileReference; lastKnownFileType = text.plist.xml; path = Info.plist; sourceTree = "<group>"; };
		5BEBD41C198838F200809BBC /* AppDelegate.swift */ = {isa = PBXFileReference; lastKnownFileType = sourcecode.swift; path = AppDelegate.swift; sourceTree = "<group>"; };
		5BEBD41E198838F200809BBC /* ViewController.swift */ = {isa = PBXFileReference; lastKnownFileType = sourcecode.swift; path = ViewController.swift; sourceTree = "<group>"; };
		5BEBD421198838F200809BBC /* Base */ = {isa = PBXFileReference; lastKnownFileType = file.storyboard; name = Base; path = Base.lproj/Main.storyboard; sourceTree = "<group>"; };
		5BEBD423198838F200809BBC /* Images.xcassets */ = {isa = PBXFileReference; lastKnownFileType = folder.assetcatalog; path = Images.xcassets; sourceTree = "<group>"; };
		5BEBD429198838F200809BBC /* StackOverFlowClientPrt2Tests.xctest */ = {isa = PBXFileReference; explicitFileType = wrapper.cfbundle; includeInIndex = 0; path = StackOverFlowClientPrt2Tests.xctest; sourceTree = BUILT_PRODUCTS_DIR; };
		5BEBD42E198838F200809BBC /* Info.plist */ = {isa = PBXFileReference; lastKnownFileType = text.plist.xml; path = Info.plist; sourceTree = "<group>"; };
		5BEBD42F198838F200809BBC /* StackOverFlowClientPrt2Tests.swift */ = {isa = PBXFileReference; lastKnownFileType = sourcecode.swift; path = StackOverFlowClientPrt2Tests.swift; sourceTree = "<group>"; };
		5BEBD43C1988397F00809BBC /* NetworkController.swift */ = {isa = PBXFileReference; fileEncoding = 4; lastKnownFileType = sourcecode.swift; path = NetworkController.swift; sourceTree = "<group>"; };
		5BEBD43F19884E7300809BBC /* User.swift */ = {isa = PBXFileReference; fileEncoding = 4; lastKnownFileType = sourcecode.swift; path = User.swift; sourceTree = "<group>"; };
		5BEBD44219884E8200809BBC /* Question.swift */ = {isa = PBXFileReference; fileEncoding = 4; lastKnownFileType = sourcecode.swift; path = Question.swift; sourceTree = "<group>"; };
		5BEBD44519884E9000809BBC /* Answer.swift */ = {isa = PBXFileReference; fileEncoding = 4; lastKnownFileType = sourcecode.swift; path = Answer.swift; sourceTree = "<group>"; };
/* End PBXFileReference section */

/* Begin PBXFrameworksBuildPhase section */
		5BEBD414198838F200809BBC /* Frameworks */ = {
			isa = PBXFrameworksBuildPhase;
			buildActionMask = 2147483647;
			files = (
			);
			runOnlyForDeploymentPostprocessing = 0;
		};
		5BEBD426198838F200809BBC /* Frameworks */ = {
			isa = PBXFrameworksBuildPhase;
			buildActionMask = 2147483647;
			files = (
			);
			runOnlyForDeploymentPostprocessing = 0;
		};
/* End PBXFrameworksBuildPhase section */

/* Begin PBXGroup section */
		5BEBD40E198838F200809BBC = {
			isa = PBXGroup;
			children = (
				5BEBD419198838F200809BBC /* StackOverFlowClientPrt2 */,
				5BEBD42C198838F200809BBC /* StackOverFlowClientPrt2Tests */,
				5BEBD418198838F200809BBC /* Products */,
			);
			sourceTree = "<group>";
		};
		5BEBD418198838F200809BBC /* Products */ = {
			isa = PBXGroup;
			children = (
				5BEBD417198838F200809BBC /* StackOverFlowClientPrt2.app */,
				5BEBD429198838F200809BBC /* StackOverFlowClientPrt2Tests.xctest */,
			);
			name = Products;
			sourceTree = "<group>";
		};
		5BEBD419198838F200809BBC /* StackOverFlowClientPrt2 */ = {
			isa = PBXGroup;
			children = (
				5BEBD43B1988392500809BBC /* Controllers */,
				5BEBD43A1988391A00809BBC /* Models */,
				5BEBD4391988390D00809BBC /* Views */,
				5BEBD423198838F200809BBC /* Images.xcassets */,
				5BEBD41A198838F200809BBC /* Supporting Files */,
			);
			path = StackOverFlowClientPrt2;
			sourceTree = "<group>";
		};
		5BEBD41A198838F200809BBC /* Supporting Files */ = {
			isa = PBXGroup;
			children = (
				5BEBD41B198838F200809BBC /* Info.plist */,
			);
			name = "Supporting Files";
			sourceTree = "<group>";
		};
		5BEBD42C198838F200809BBC /* StackOverFlowClientPrt2Tests */ = {
			isa = PBXGroup;
			children = (
				5BEBD42F198838F200809BBC /* StackOverFlowClientPrt2Tests.swift */,
				5BEBD42D198838F200809BBC /* Supporting Files */,
			);
			path = StackOverFlowClientPrt2Tests;
			sourceTree = "<group>";
		};
		5BEBD42D198838F200809BBC /* Supporting Files */ = {
			isa = PBXGroup;
			children = (
				5BEBD42E198838F200809BBC /* Info.plist */,
			);
			name = "Supporting Files";
			sourceTree = "<group>";
		};
		5BEBD4391988390D00809BBC /* Views */ = {
			isa = PBXGroup;
			children = (
				5BEBD420198838F200809BBC /* Main.storyboard */,
			);
			name = Views;
			sourceTree = "<group>";
		};
		5BEBD43A1988391A00809BBC /* Models */ = {
			isa = PBXGroup;
			children = (
				5BEBD43F19884E7300809BBC /* User.swift */,
				5BEBD44219884E8200809BBC /* Question.swift */,
				5BEBD44519884E9000809BBC /* Answer.swift */,
			);
			name = Models;
			sourceTree = "<group>";
		};
		5BEBD43B1988392500809BBC /* Controllers */ = {
			isa = PBXGroup;
			children = (
				5BEBD41C198838F200809BBC /* AppDelegate.swift */,
				5BEBD41E198838F200809BBC /* ViewController.swift */,
				5BEBD43C1988397F00809BBC /* NetworkController.swift */,
			);
			name = Controllers;
			sourceTree = "<group>";
		};
/* End PBXGroup section */

/* Begin PBXNativeTarget section */
		5BEBD416198838F200809BBC /* StackOverFlowClientPrt2 */ = {
			isa = PBXNativeTarget;
			buildConfigurationList = 5BEBD433198838F200809BBC /* Build configuration list for PBXNativeTarget "StackOverFlowClientPrt2" */;
			buildPhases = (
				5BEBD413198838F200809BBC /* Sources */,
				5BEBD414198838F200809BBC /* Frameworks */,
				5BEBD415198838F200809BBC /* Resources */,
			);
			buildRules = (
			);
			dependencies = (
			);
			name = StackOverFlowClientPrt2;
			productName = StackOverFlowClientPrt2;
			productReference = 5BEBD417198838F200809BBC /* StackOverFlowClientPrt2.app */;
			productType = "com.apple.product-type.application";
		};
		5BEBD428198838F200809BBC /* StackOverFlowClientPrt2Tests */ = {
			isa = PBXNativeTarget;
			buildConfigurationList = 5BEBD436198838F200809BBC /* Build configuration list for PBXNativeTarget "StackOverFlowClientPrt2Tests" */;
			buildPhases = (
				5BEBD425198838F200809BBC /* Sources */,
				5BEBD426198838F200809BBC /* Frameworks */,
				5BEBD427198838F200809BBC /* Resources */,
			);
			buildRules = (
			);
			dependencies = (
				5BEBD42B198838F200809BBC /* PBXTargetDependency */,
			);
			name = StackOverFlowClientPrt2Tests;
			productName = StackOverFlowClientPrt2Tests;
			productReference = 5BEBD429198838F200809BBC /* StackOverFlowClientPrt2Tests.xctest */;
			productType = "com.apple.product-type.bundle.unit-test";
		};
/* End PBXNativeTarget section */

/* Begin PBXProject section */
		5BEBD40F198838F200809BBC /* Project object */ = {
			isa = PBXProject;
			attributes = {
				LastUpgradeCheck = 0600;
				ORGANIZATIONNAME = "Victor  Adu";
				TargetAttributes = {
					5BEBD416198838F200809BBC = {
						CreatedOnToolsVersion = 6.0;
					};
					5BEBD428198838F200809BBC = {
						CreatedOnToolsVersion = 6.0;
						TestTargetID = 5BEBD416198838F200809BBC;
					};
				};
			};
			buildConfigurationList = 5BEBD412198838F200809BBC /* Build configuration list for PBXProject "StackOverFlowClientPrt2" */;
			compatibilityVersion = "Xcode 3.2";
			developmentRegion = English;
			hasScannedForEncodings = 0;
			knownRegions = (
				en,
				Base,
			);
			mainGroup = 5BEBD40E198838F200809BBC;
			productRefGroup = 5BEBD418198838F200809BBC /* Products */;
			projectDirPath = "";
			projectRoot = "";
			targets = (
				5BEBD416198838F200809BBC /* StackOverFlowClientPrt2 */,
				5BEBD428198838F200809BBC /* StackOverFlowClientPrt2Tests */,
			);
		};
/* End PBXProject section */

/* Begin PBXResourcesBuildPhase section */
		5BEBD415198838F200809BBC /* Resources */ = {
			isa = PBXResourcesBuildPhase;
			buildActionMask = 2147483647;
			files = (
				5BEBD422198838F200809BBC /* Main.storyboard in Resources */,
				5BEBD424198838F200809BBC /* Images.xcassets in Resources */,
			);
			runOnlyForDeploymentPostprocessing = 0;
		};
		5BEBD427198838F200809BBC /* Resources */ = {
			isa = PBXResourcesBuildPhase;
			buildActionMask = 2147483647;
			files = (
			);
			runOnlyForDeploymentPostprocessing = 0;
		};
/* End PBXResourcesBuildPhase section */

/* Begin PBXSourcesBuildPhase section */
		5BEBD413198838F200809BBC /* Sources */ = {
			isa = PBXSourcesBuildPhase;
			buildActionMask = 2147483647;
			files = (
				5BEBD44319884E8200809BBC /* Question.swift in Sources */,
				5BEBD44019884E7300809BBC /* User.swift in Sources */,
				5BEBD41F198838F200809BBC /* ViewController.swift in Sources */,
				5BEBD44619884E9000809BBC /* Answer.swift in Sources */,
				5BEBD41D198838F200809BBC /* AppDelegate.swift in Sources */,
				5BEBD43D1988397F00809BBC /* NetworkController.swift in Sources */,
			);
			runOnlyForDeploymentPostprocessing = 0;
		};
		5BEBD425198838F200809BBC /* Sources */ = {
			isa = PBXSourcesBuildPhase;
			buildActionMask = 2147483647;
			files = (
				5BEBD43E1988397F00809BBC /* NetworkController.swift in Sources */,
				5BEBD44419884E8200809BBC /* Question.swift in Sources */,
				5BEBD44719884E9000809BBC /* Answer.swift in Sources */,
				5BEBD430198838F200809BBC /* StackOverFlowClientPrt2Tests.swift in Sources */,
				5BEBD44119884E7300809BBC /* User.swift in Sources */,
			);
			runOnlyForDeploymentPostprocessing = 0;
		};
/* End PBXSourcesBuildPhase section */

/* Begin PBXTargetDependency section */
		5BEBD42B198838F200809BBC /* PBXTargetDependency */ = {
			isa = PBXTargetDependency;
			target = 5BEBD416198838F200809BBC /* StackOverFlowClientPrt2 */;
			targetProxy = 5BEBD42A198838F200809BBC /* PBXContainerItemProxy */;
		};
/* End PBXTargetDependency section */

/* Begin PBXVariantGroup section */
		5BEBD420198838F200809BBC /* Main.storyboard */ = {
			isa = PBXVariantGroup;
			children = (
				5BEBD421198838F200809BBC /* Base */,
			);
			name = Main.storyboard;
			sourceTree = "<group>";
		};
/* End PBXVariantGroup section */

/* Begin XCBuildConfiguration section */
		5BEBD431198838F200809BBC /* Debug */ = {
			isa = XCBuildConfiguration;
			buildSettings = {
				ALWAYS_SEARCH_USER_PATHS = NO;
				CLANG_CXX_LANGUAGE_STANDARD = "gnu++0x";
				CLANG_CXX_LIBRARY = "libc++";
				CLANG_ENABLE_MODULES = YES;
				CLANG_ENABLE_OBJC_ARC = YES;
				CLANG_WARN_BOOL_CONVERSION = YES;
				CLANG_WARN_CONSTANT_CONVERSION = YES;
				CLANG_WARN_DIRECT_OBJC_ISA_USAGE = YES_ERROR;
				CLANG_WARN_EMPTY_BODY = YES;
				CLANG_WARN_ENUM_CONVERSION = YES;
				CLANG_WARN_INT_CONVERSION = YES;
				CLANG_WARN_OBJC_ROOT_CLASS = YES_ERROR;
				CLANG_WARN_UNREACHABLE_CODE = YES;
				CLANG_WARN__DUPLICATE_METHOD_MATCH = YES;
				"CODE_SIGN_IDENTITY[sdk=iphoneos*]" = "iPhone Developer";
				COPY_PHASE_STRIP = NO;
				ENABLE_STRICT_OBJC_MSGSEND = YES;
				GCC_C_LANGUAGE_STANDARD = gnu99;
				GCC_DYNAMIC_NO_PIC = NO;
				GCC_OPTIMIZATION_LEVEL = 0;
				GCC_PREPROCESSOR_DEFINITIONS = (
					"DEBUG=1",
					"$(inherited)",
				);
				GCC_SYMBOLS_PRIVATE_EXTERN = NO;
				GCC_WARN_64_TO_32_BIT_CONVERSION = YES;
				GCC_WARN_ABOUT_RETURN_TYPE = YES_ERROR;
				GCC_WARN_UNDECLARED_SELECTOR = YES;
				GCC_WARN_UNINITIALIZED_AUTOS = YES_AGGRESSIVE;
				GCC_WARN_UNUSED_FUNCTION = YES;
				GCC_WARN_UNUSED_VARIABLE = YES;
				IPHONEOS_DEPLOYMENT_TARGET = 8.0;
				MTL_ENABLE_DEBUG_INFO = YES;
				ONLY_ACTIVE_ARCH = YES;
				SDKROOT = iphoneos;
				SWIFT_OPTIMIZATION_LEVEL = "-Onone";
				TARGETED_DEVICE_FAMILY = "1,2";
			};
			name = Debug;
		};
		5BEBD432198838F200809BBC /* Release */ = {
			isa = XCBuildConfiguration;
			buildSettings = {
				ALWAYS_SEARCH_USER_PATHS = NO;
				CLANG_CXX_LANGUAGE_STANDARD = "gnu++0x";
				CLANG_CXX_LIBRARY = "libc++";
				CLANG_ENABLE_MODULES = YES;
				CLANG_ENABLE_OBJC_ARC = YES;
				CLANG_WARN_BOOL_CONVERSION = YES;
				CLANG_WARN_CONSTANT_CONVERSION = YES;
				CLANG_WARN_DIRECT_OBJC_ISA_USAGE = YES_ERROR;
				CLANG_WARN_EMPTY_BODY = YES;
				CLANG_WARN_ENUM_CONVERSION = YES;
				CLANG_WARN_INT_CONVERSION = YES;
				CLANG_WARN_OBJC_ROOT_CLASS = YES_ERROR;
				CLANG_WARN_UNREACHABLE_CODE = YES;
				CLANG_WARN__DUPLICATE_METHOD_MATCH = YES;
				"CODE_SIGN_IDENTITY[sdk=iphoneos*]" = "iPhone Developer";
				COPY_PHASE_STRIP = YES;
				ENABLE_NS_ASSERTIONS = NO;
				ENABLE_STRICT_OBJC_MSGSEND = YES;
				GCC_C_LANGUAGE_STANDARD = gnu99;
				GCC_WARN_64_TO_32_BIT_CONVERSION = YES;
				GCC_WARN_ABOUT_RETURN_TYPE = YES_ERROR;
				GCC_WARN_UNDECLARED_SELECTOR = YES;
				GCC_WARN_UNINITIALIZED_AUTOS = YES_AGGRESSIVE;
				GCC_WARN_UNUSED_FUNCTION = YES;
				GCC_WARN_UNUSED_VARIABLE = YES;
				IPHONEOS_DEPLOYMENT_TARGET = 8.0;
				MTL_ENABLE_DEBUG_INFO = NO;
				SDKROOT = iphoneos;
				TARGETED_DEVICE_FAMILY = "1,2";
				VALIDATE_PRODUCT = YES;
			};
			name = Release;
		};
		5BEBD434198838F200809BBC /* Debug */ = {
			isa = XCBuildConfiguration;
			buildSettings = {
				ASSETCATALOG_COMPILER_APPICON_NAME = AppIcon;
				ASSETCATALOG_COMPILER_LAUNCHIMAGE_NAME = LaunchImage;
				INFOPLIST_FILE = StackOverFlowClientPrt2/Info.plist;
				LD_RUNPATH_SEARCH_PATHS = "$(inherited) @executable_path/Frameworks";
				PRODUCT_NAME = "$(TARGET_NAME)";
			};
			name = Debug;
		};
		5BEBD435198838F200809BBC /* Release */ = {
			isa = XCBuildConfiguration;
			buildSettings = {
				ASSETCATALOG_COMPILER_APPICON_NAME = AppIcon;
				ASSETCATALOG_COMPILER_LAUNCHIMAGE_NAME = LaunchImage;
				INFOPLIST_FILE = StackOverFlowClientPrt2/Info.plist;
				LD_RUNPATH_SEARCH_PATHS = "$(inherited) @executable_path/Frameworks";
				PRODUCT_NAME = "$(TARGET_NAME)";
			};
			name = Release;
		};
		5BEBD437198838F200809BBC /* Debug */ = {
			isa = XCBuildConfiguration;
			buildSettings = {
				BUNDLE_LOADER = "$(BUILT_PRODUCTS_DIR)/StackOverFlowClientPrt2.app/StackOverFlowClientPrt2";
				FRAMEWORK_SEARCH_PATHS = (
					"$(SDKROOT)/Developer/Library/Frameworks",
					"$(inherited)",
				);
				GCC_PREPROCESSOR_DEFINITIONS = (
					"DEBUG=1",
					"$(inherited)",
				);
				INFOPLIST_FILE = StackOverFlowClientPrt2Tests/Info.plist;
				LD_RUNPATH_SEARCH_PATHS = "$(inherited) @executable_path/Frameworks @loader_path/Frameworks";
				PRODUCT_NAME = "$(TARGET_NAME)";
				TEST_HOST = "$(BUNDLE_LOADER)";
			};
			name = Debug;
		};
		5BEBD438198838F200809BBC /* Release */ = {
			isa = XCBuildConfiguration;
			buildSettings = {
				BUNDLE_LOADER = "$(BUILT_PRODUCTS_DIR)/StackOverFlowClientPrt2.app/StackOverFlowClientPrt2";
				FRAMEWORK_SEARCH_PATHS = (
					"$(SDKROOT)/Developer/Library/Frameworks",
					"$(inherited)",
				);
				INFOPLIST_FILE = StackOverFlowClientPrt2Tests/Info.plist;
				LD_RUNPATH_SEARCH_PATHS = "$(inherited) @executable_path/Frameworks @loader_path/Frameworks";
				PRODUCT_NAME = "$(TARGET_NAME)";
				TEST_HOST = "$(BUNDLE_LOADER)";
			};
			name = Release;
		};
/* End XCBuildConfiguration section */

/* Begin XCConfigurationList section */
		5BEBD412198838F200809BBC /* Build configuration list for PBXProject "StackOverFlowClientPrt2" */ = {
			isa = XCConfigurationList;
			buildConfigurations = (
				5BEBD431198838F200809BBC /* Debug */,
				5BEBD432198838F200809BBC /* Release */,
			);
			defaultConfigurationIsVisible = 0;
			defaultConfigurationName = Release;
		};
		5BEBD433198838F200809BBC /* Build configuration list for PBXNativeTarget "StackOverFlowClientPrt2" */ = {
			isa = XCConfigurationList;
			buildConfigurations = (
				5BEBD434198838F200809BBC /* Debug */,
				5BEBD435198838F200809BBC /* Release */,
			);
			defaultConfigurationIsVisible = 0;
		};
		5BEBD436198838F200809BBC /* Build configuration list for PBXNativeTarget "StackOverFlowClientPrt2Tests" */ = {
			isa = XCConfigurationList;
			buildConfigurations = (
				5BEBD437198838F200809BBC /* Debug */,
				5BEBD438198838F200809BBC /* Release */,
			);
			defaultConfigurationIsVisible = 0;
		};
/* End XCConfigurationList section */
	};
	rootObject = 5BEBD40F198838F200809BBC /* Project object */;
}
